
Microsoft Visual Studio Solution File, Format Version 12.00
# Visual Studio 15
VisualStudioVersion = 15.0.28307.1082
MinimumVisualStudioVersion = 10.0.40219.1
Project("{FAE04EC0-301F-11D3-BF4B-00C04F79EFBC}") = "Контрольная WPF", "Контрольная WPF\Контрольная WPF.csproj", "{F4AA30C9-3FEF-43BD-8D8C-76BF9F489963}"
EndProject
Global
	GlobalSection(SolutionConfigurationPlatforms) = preSolution
		Debug|Any CPU = Debug|Any CPU
		Release|Any CPU = Release|Any CPU
	EndGlobalSection
	GlobalSection(ProjectConfigurationPlatforms) = postSolution
		{F4AA30C9-3FEF-43BD-8D8C-76BF9F489963}.Debug|Any CPU.ActiveCfg = Debug|Any CPU
		{F4AA30C9-3FEF-43BD-8D8C-76BF9F489963}.Debug|Any CPU.Build.0 = Debug|Any CPU
		{F4AA30C9-3FEF-43BD-8D8C-76BF9F489963}.Release|Any CPU.ActiveCfg = Release|Any CPU
		{F4AA30C9-3FEF-43BD-8D8C-76BF9F489963}.Release|Any CPU.Build.0 = Release|Any CPU
	EndGlobalSection
	GlobalSection(SolutionProperties) = preSolution
		HideSolutionNode = FALSE
	EndGlobalSection
	GlobalSection(ExtensibilityGlobals) = postSolution
		SolutionGuid = {A3D4CCDA-E19A-463A-8E07-FFD5D376A6A1}
	EndGlobalSection
EndGlobal
